
Microsoft Visual Studio Solution File, Format Version 12.00
# Visual Studio 15
VisualStudioVersion = 15.0.28307.705
MinimumVisualStudioVersion = 10.0.40219.1
Project("{FAE04EC0-301F-11D3-BF4B-00C04F79EFBC}") = "Getix-Admin-Api", "Getix-Admin-Api\Getix-Admin-Api.csproj", "{10F16717-58B6-4C5C-9229-8F9FBC5EFC52}"
EndProject
Global
	GlobalSection(SolutionConfigurationPlatforms) = preSolution
		Debug|Any CPU = Debug|Any CPU
		Release|Any CPU = Release|Any CPU
	EndGlobalSection
	GlobalSection(ProjectConfigurationPlatforms) = postSolution
		{10F16717-58B6-4C5C-9229-8F9FBC5EFC52}.Debug|Any CPU.ActiveCfg = Debug|Any CPU
		{10F16717-58B6-4C5C-9229-8F9FBC5EFC52}.Debug|Any CPU.Build.0 = Debug|Any CPU
		{10F16717-58B6-4C5C-9229-8F9FBC5EFC52}.Release|Any CPU.ActiveCfg = Release|Any CPU
		{10F16717-58B6-4C5C-9229-8F9FBC5EFC52}.Release|Any CPU.Build.0 = Release|Any CPU
	EndGlobalSection
	GlobalSection(SolutionProperties) = preSolution
		HideSolutionNode = FALSE
	EndGlobalSection
	GlobalSection(ExtensibilityGlobals) = postSolution
		SolutionGuid = {B8DD4367-B18F-41C4-85C2-0DC39ED8A8FE}
	EndGlobalSection
EndGlobal
